
Microsoft Visual Studio Solution File, Format Version 12.00
# Visual Studio Version 17
VisualStudioVersion = 17.9.34723.18
MinimumVisualStudioVersion = 10.0.40219.1
Project("{9A19103F-16F7-4668-BE54-9A1E7A4F7556}") = "Trabalho_POO", "Trabalho_POO\Trabalho_POO.csproj", "{05DA9B3A-41F4-469E-A405-E8DB5B86CC0E}"
EndProject
Project("{9A19103F-16F7-4668-BE54-9A1E7A4F7556}") = "Tests", "Tests\Tests.csproj", "{9B797D8A-3C99-4296-8ACF-84B6BBDEC53A}"
EndProject
Project("{9A19103F-16F7-4668-BE54-9A1E7A4F7556}") = "Objects", "Objects\Objects.csproj", "{41B384B6-35BE-4397-97FE-FF8057EB670F}"
EndProject
Project("{FAE04EC0-301F-11D3-BF4B-00C04F79EFBC}") = "Login", "teste\Login.csproj", "{DA37EBF9-3C51-4F79-AA32-8225578EDA70}"
EndProject
Global
	GlobalSection(SolutionConfigurationPlatforms) = preSolution
		Debug|Any CPU = Debug|Any CPU
		Release|Any CPU = Release|Any CPU
	EndGlobalSection
	GlobalSection(ProjectConfigurationPlatforms) = postSolution
		{05DA9B3A-41F4-469E-A405-E8DB5B86CC0E}.Debug|Any CPU.ActiveCfg = Debug|Any CPU
		{05DA9B3A-41F4-469E-A405-E8DB5B86CC0E}.Debug|Any CPU.Build.0 = Debug|Any CPU
		{05DA9B3A-41F4-469E-A405-E8DB5B86CC0E}.Release|Any CPU.ActiveCfg = Release|Any CPU
		{05DA9B3A-41F4-469E-A405-E8DB5B86CC0E}.Release|Any CPU.Build.0 = Release|Any CPU
		{9B797D8A-3C99-4296-8ACF-84B6BBDEC53A}.Debug|Any CPU.ActiveCfg = Debug|Any CPU
		{9B797D8A-3C99-4296-8ACF-84B6BBDEC53A}.Debug|Any CPU.Build.0 = Debug|Any CPU
		{9B797D8A-3C99-4296-8ACF-84B6BBDEC53A}.Release|Any CPU.ActiveCfg = Release|Any CPU
		{9B797D8A-3C99-4296-8ACF-84B6BBDEC53A}.Release|Any CPU.Build.0 = Release|Any CPU
		{41B384B6-35BE-4397-97FE-FF8057EB670F}.Debug|Any CPU.ActiveCfg = Debug|Any CPU
		{41B384B6-35BE-4397-97FE-FF8057EB670F}.Debug|Any CPU.Build.0 = Debug|Any CPU
		{41B384B6-35BE-4397-97FE-FF8057EB670F}.Release|Any CPU.ActiveCfg = Release|Any CPU
		{41B384B6-35BE-4397-97FE-FF8057EB670F}.Release|Any CPU.Build.0 = Release|Any CPU
		{DA37EBF9-3C51-4F79-AA32-8225578EDA70}.Debug|Any CPU.ActiveCfg = Debug|Any CPU
		{DA37EBF9-3C51-4F79-AA32-8225578EDA70}.Debug|Any CPU.Build.0 = Debug|Any CPU
		{DA37EBF9-3C51-4F79-AA32-8225578EDA70}.Release|Any CPU.ActiveCfg = Release|Any CPU
		{DA37EBF9-3C51-4F79-AA32-8225578EDA70}.Release|Any CPU.Build.0 = Release|Any CPU
	EndGlobalSection
	GlobalSection(SolutionProperties) = preSolution
		HideSolutionNode = FALSE
	EndGlobalSection
	GlobalSection(ExtensibilityGlobals) = postSolution
		SolutionGuid = {E09729D6-278E-45BA-AEC3-A667F7D1D17D}
	EndGlobalSection
EndGlobal
