
Microsoft Visual Studio Solution File, Format Version 12.00
# Visual Studio Version 17
VisualStudioVersion = 17.9.34723.18
MinimumVisualStudioVersion = 10.0.40219.1
Project("{FAE04EC0-301F-11D3-BF4B-00C04F79EFBC}") = "Trabalho_POO", "Trabalho_POO\Trabalho_POO.csproj", "{05DA9B3A-41F4-469E-A405-E8DB5B86CC0E}"
EndProject
Global
	GlobalSection(SolutionConfigurationPlatforms) = preSolution
		Debug|Any CPU = Debug|Any CPU
		Release|Any CPU = Release|Any CPU
	EndGlobalSection
	GlobalSection(ProjectConfigurationPlatforms) = postSolution
		{05DA9B3A-41F4-469E-A405-E8DB5B86CC0E}.Debug|Any CPU.ActiveCfg = Debug|Any CPU
		{05DA9B3A-41F4-469E-A405-E8DB5B86CC0E}.Debug|Any CPU.Build.0 = Debug|Any CPU
		{05DA9B3A-41F4-469E-A405-E8DB5B86CC0E}.Release|Any CPU.ActiveCfg = Release|Any CPU
		{05DA9B3A-41F4-469E-A405-E8DB5B86CC0E}.Release|Any CPU.Build.0 = Release|Any CPU
	EndGlobalSection
	GlobalSection(SolutionProperties) = preSolution
		HideSolutionNode = FALSE
	EndGlobalSection
	GlobalSection(ExtensibilityGlobals) = postSolution
		SolutionGuid = {E09729D6-278E-45BA-AEC3-A667F7D1D17D}
	EndGlobalSection
EndGlobal
